
Microsoft Visual Studio Solution File, Format Version 12.00
# Visual Studio Express 2012 for Windows Desktop
Project("{FAE04EC0-301F-11D3-BF4B-00C04F79EFBC}") = "BFP4FLauncherWV", "BFP4FLauncherWV\BFP4FLauncherWV.csproj", "{21672CE9-A916-4790-862F-56D8420E3AA4}"
EndProject
Project("{FAE04EC0-301F-11D3-BF4B-00C04F79EFBC}") = "BlazeLibWV", "BlazeLibWV\BlazeLibWV.csproj", "{4053EF39-B6BE-4A51-8037-B3F3438D2371}"
EndProject
Project("{FAE04EC0-301F-11D3-BF4B-00C04F79EFBC}") = "BlazeSharkWV", "BlazeSharkWV\BlazeSharkWV.csproj", "{CD67133E-B905-4CD1-ADBD-73E9E0F70BD4}"
EndProject
Global
	GlobalSection(SolutionConfigurationPlatforms) = preSolution
		Debug|Any CPU = Debug|Any CPU
		Debug|Mixed Platforms = Debug|Mixed Platforms
		Debug|Win32 = Debug|Win32
		Release|Any CPU = Release|Any CPU
		Release|Mixed Platforms = Release|Mixed Platforms
		Release|Win32 = Release|Win32
	EndGlobalSection
	GlobalSection(ProjectConfigurationPlatforms) = postSolution
		{21672CE9-A916-4790-862F-56D8420E3AA4}.Debug|Any CPU.ActiveCfg = Debug|Any CPU
		{21672CE9-A916-4790-862F-56D8420E3AA4}.Debug|Any CPU.Build.0 = Debug|Any CPU
		{21672CE9-A916-4790-862F-56D8420E3AA4}.Debug|Mixed Platforms.ActiveCfg = Debug|Any CPU
		{21672CE9-A916-4790-862F-56D8420E3AA4}.Debug|Mixed Platforms.Build.0 = Debug|Any CPU
		{21672CE9-A916-4790-862F-56D8420E3AA4}.Debug|Win32.ActiveCfg = Debug|Any CPU
		{21672CE9-A916-4790-862F-56D8420E3AA4}.Release|Any CPU.ActiveCfg = Release|Any CPU
		{21672CE9-A916-4790-862F-56D8420E3AA4}.Release|Any CPU.Build.0 = Release|Any CPU
		{21672CE9-A916-4790-862F-56D8420E3AA4}.Release|Mixed Platforms.ActiveCfg = Release|Any CPU
		{21672CE9-A916-4790-862F-56D8420E3AA4}.Release|Mixed Platforms.Build.0 = Release|Any CPU
		{21672CE9-A916-4790-862F-56D8420E3AA4}.Release|Win32.ActiveCfg = Release|Any CPU
		{4053EF39-B6BE-4A51-8037-B3F3438D2371}.Debug|Any CPU.ActiveCfg = Debug|Any CPU
		{4053EF39-B6BE-4A51-8037-B3F3438D2371}.Debug|Any CPU.Build.0 = Debug|Any CPU
		{4053EF39-B6BE-4A51-8037-B3F3438D2371}.Debug|Mixed Platforms.ActiveCfg = Debug|Any CPU
		{4053EF39-B6BE-4A51-8037-B3F3438D2371}.Debug|Mixed Platforms.Build.0 = Debug|Any CPU
		{4053EF39-B6BE-4A51-8037-B3F3438D2371}.Debug|Win32.ActiveCfg = Debug|Any CPU
		{4053EF39-B6BE-4A51-8037-B3F3438D2371}.Release|Any CPU.ActiveCfg = Release|Any CPU
		{4053EF39-B6BE-4A51-8037-B3F3438D2371}.Release|Any CPU.Build.0 = Release|Any CPU
		{4053EF39-B6BE-4A51-8037-B3F3438D2371}.Release|Mixed Platforms.ActiveCfg = Release|Any CPU
		{4053EF39-B6BE-4A51-8037-B3F3438D2371}.Release|Mixed Platforms.Build.0 = Release|Any CPU
		{4053EF39-B6BE-4A51-8037-B3F3438D2371}.Release|Win32.ActiveCfg = Release|Any CPU
		{CD67133E-B905-4CD1-ADBD-73E9E0F70BD4}.Debug|Any CPU.ActiveCfg = Debug|Any CPU
		{CD67133E-B905-4CD1-ADBD-73E9E0F70BD4}.Debug|Any CPU.Build.0 = Debug|Any CPU
		{CD67133E-B905-4CD1-ADBD-73E9E0F70BD4}.Debug|Mixed Platforms.ActiveCfg = Debug|Any CPU
		{CD67133E-B905-4CD1-ADBD-73E9E0F70BD4}.Debug|Mixed Platforms.Build.0 = Debug|Any CPU
		{CD67133E-B905-4CD1-ADBD-73E9E0F70BD4}.Debug|Win32.ActiveCfg = Debug|Any CPU
		{CD67133E-B905-4CD1-ADBD-73E9E0F70BD4}.Release|Any CPU.ActiveCfg = Release|Any CPU
		{CD67133E-B905-4CD1-ADBD-73E9E0F70BD4}.Release|Any CPU.Build.0 = Release|Any CPU
		{CD67133E-B905-4CD1-ADBD-73E9E0F70BD4}.Release|Mixed Platforms.ActiveCfg = Release|Any CPU
		{CD67133E-B905-4CD1-ADBD-73E9E0F70BD4}.Release|Mixed Platforms.Build.0 = Release|Any CPU
		{CD67133E-B905-4CD1-ADBD-73E9E0F70BD4}.Release|Win32.ActiveCfg = Release|Any CPU
	EndGlobalSection
	GlobalSection(SolutionProperties) = preSolution
		HideSolutionNode = FALSE
	EndGlobalSection
EndGlobal
